# This file is automatically @generated by Cargo.
# It is not intended for manual editing.
version = 4

[[package]]
name = "package-name"
version = "3.1.6"
dependencies = [
 "urlogger",
]

[[package]]
name = "urlogger"
version = "1.1.2"
source = "registry+https://github.com/rust-lang/crates.io-index"
checksum = "666d8373bbdcfbbe18a850fe1370fc6a95f8a7c5b89c060df091f144bbac31ad"
